// !$*UTF8*$!
{
	archiveVersion = 1;
	classes = {
	};
	objectVersion = 50;
	objects = {

/* Begin PBXBuildFile section */
		67AB67B72639C54E008EE3C6 /* main.c in Sources */ = {isa = PBXBuildFile; fileRef = 67AB67B62639C54E008EE3C6 /* main.c */; };
		67AB67C0263D92D8008EE3C6 /* chushihua.c in Sources */ = {isa = PBXBuildFile; fileRef = 67AB67BF263D92D8008EE3C6 /* chushihua.c */; };
		67AB67C3263D9DAA008EE3C6 /* change.cpp in Sources */ = {isa = PBXBuildFile; fileRef = 67AB67C1263D9DAA008EE3C6 /* change.cpp */; };
/* End PBXBuildFile section */

/* Begin PBXCopyFilesBuildPhase section */
		67AB67B12639C54E008EE3C6 /* CopyFiles */ = {
			isa = PBXCopyFilesBuildPhase;
			buildActionMask = 2147483647;
			dstPath = /usr/share/man/man1/;
			dstSubfolderSpec = 0;
			files = (
			);
			runOnlyForDeploymentPostprocessing = 1;
		};
/* End PBXCopyFilesBuildPhase section */

/* Begin PBXFileReference section */
		67AB67B32639C54E008EE3C6 /* calculation */ = {isa = PBXFileReference; explicitFileType = "compiled.mach-o.executable"; includeInIndex = 0; path = calculation; sourceTree = BUILT_PRODUCTS_DIR; };
		67AB67B62639C54E008EE3C6 /* main.c */ = {isa = PBXFileReference; lastKnownFileType = sourcecode.c.c; path = main.c; sourceTree = "<group>"; };
		67AB67BE263D92D8008EE3C6 /* chushihua.h */ = {isa = PBXFileReference; lastKnownFileType = sourcecode.c.h; path = chushihua.h; sourceTree = "<group>"; };
		67AB67BF263D92D8008EE3C6 /* chushihua.c */ = {isa = PBXFileReference; lastKnownFileType = sourcecode.c.c; path = chushihua.c; sourceTree = "<group>"; };
		67AB67C1263D9DAA008EE3C6 /* change.cpp */ = {isa = PBXFileReference; lastKnownFileType = sourcecode.cpp.cpp; path = change.cpp; sourceTree = "<group>"; };
		67AB67C2263D9DAA008EE3C6 /* change.hpp */ = {isa = PBXFileReference; lastKnownFileType = sourcecode.cpp.h; path = change.hpp; sourceTree = "<group>"; };
/* End PBXFileReference section */

/* Begin PBXFrameworksBuildPhase section */
		67AB67B02639C54E008EE3C6 /* Frameworks */ = {
			isa = PBXFrameworksBuildPhase;
			buildActionMask = 2147483647;
			files = (
			);
			runOnlyForDeploymentPostprocessing = 0;
		};
/* End PBXFrameworksBuildPhase section */

/* Begin PBXGroup section */
		67AB67AA2639C54E008EE3C6 = {
			isa = PBXGroup;
			children = (
				67AB67B52639C54E008EE3C6 /* calculation */,
				67AB67B42639C54E008EE3C6 /* Products */,
			);
			sourceTree = "<group>";
		};
		67AB67B42639C54E008EE3C6 /* Products */ = {
			isa = PBXGroup;
			children = (
				67AB67B32639C54E008EE3C6 /* calculation */,
			);
			name = Products;
			sourceTree = "<group>";
		};
		67AB67B52639C54E008EE3C6 /* calculation */ = {
			isa = PBXGroup;
			children = (
				67AB67B62639C54E008EE3C6 /* main.c */,
				67AB67BE263D92D8008EE3C6 /* chushihua.h */,
				67AB67BF263D92D8008EE3C6 /* chushihua.c */,
				67AB67C1263D9DAA008EE3C6 /* change.cpp */,
				67AB67C2263D9DAA008EE3C6 /* change.hpp */,
			);
			path = calculation;
			sourceTree = "<group>";
		};
/* End PBXGroup section */

/* Begin PBXNativeTarget section */
		67AB67B22639C54E008EE3C6 /* calculation */ = {
			isa = PBXNativeTarget;
			buildConfigurationList = 67AB67BA2639C54E008EE3C6 /* Build configuration list for PBXNativeTarget "calculation" */;
			buildPhases = (
				67AB67AF2639C54E008EE3C6 /* Sources */,
				67AB67B02639C54E008EE3C6 /* Frameworks */,
				67AB67B12639C54E008EE3C6 /* CopyFiles */,
			);
			buildRules = (
			);
			dependencies = (
			);
			name = calculation;
			productName = calculation;
			productReference = 67AB67B32639C54E008EE3C6 /* calculation */;
			productType = "com.apple.product-type.tool";
		};
/* End PBXNativeTarget section */

/* Begin PBXProject section */
		67AB67AB2639C54E008EE3C6 /* Project object */ = {
			isa = PBXProject;
			attributes = {
				LastUpgradeCheck = 1250;
				TargetAttributes = {
					67AB67B22639C54E008EE3C6 = {
						CreatedOnToolsVersion = 12.5;
					};
				};
			};
			buildConfigurationList = 67AB67AE2639C54E008EE3C6 /* Build configuration list for PBXProject "calculation" */;
			compatibilityVersion = "Xcode 9.3";
			developmentRegion = en;
			hasScannedForEncodings = 0;
			knownRegions = (
				en,
				Base,
			);
			mainGroup = 67AB67AA2639C54E008EE3C6;
			productRefGroup = 67AB67B42639C54E008EE3C6 /* Products */;
			projectDirPath = "";
			projectRoot = "";
			targets = (
				67AB67B22639C54E008EE3C6 /* calculation */,
			);
		};
/* End PBXProject section */

/* Begin PBXSourcesBuildPhase section */
		67AB67AF2639C54E008EE3C6 /* Sources */ = {
			isa = PBXSourcesBuildPhase;
			buildActionMask = 2147483647;
			files = (
				67AB67C0263D92D8008EE3C6 /* chushihua.c in Sources */,
				67AB67C3263D9DAA008EE3C6 /* change.cpp in Sources */,
				67AB67B72639C54E008EE3C6 /* main.c in Sources */,
			);
			runOnlyForDeploymentPostprocessing = 0;
		};
/* End PBXSourcesBuildPhase section */

/* Begin XCBuildConfiguration section */
		67AB67B82639C54E008EE3C6 /* Debug */ = {
			isa = XCBuildConfiguration;
			buildSettings = {
				ALWAYS_SEARCH_USER_PATHS = NO;
				CLANG_ANALYZER_NONNULL = YES;
				CLANG_ANALYZER_NUMBER_OBJECT_CONVERSION = YES_AGGRESSIVE;
				CLANG_CXX_LANGUAGE_STANDARD = "gnu++14";
				CLANG_CXX_LIBRARY = "libc++";
				CLANG_ENABLE_MODULES = YES;
				CLANG_ENABLE_OBJC_ARC = YES;
				CLANG_ENABLE_OBJC_WEAK = YES;
				CLANG_WARN_BLOCK_CAPTURE_AUTORELEASING = YES;
				CLANG_WARN_BOOL_CONVERSION = YES;
				CLANG_WARN_COMMA = YES;
				CLANG_WARN_CONSTANT_CONVERSION = YES;
				CLANG_WARN_DEPRECATED_OBJC_IMPLEMENTATIONS = YES;
				CLANG_WARN_DIRECT_OBJC_ISA_USAGE = YES_ERROR;
				CLANG_WARN_DOCUMENTATION_COMMENTS = YES;
				CLANG_WARN_EMPTY_BODY = YES;
				CLANG_WARN_ENUM_CONVERSION = YES;
				CLANG_WARN_INFINITE_RECURSION = YES;
				CLANG_WARN_INT_CONVERSION = YES;
				CLANG_WARN_NON_LITERAL_NULL_CONVERSION = YES;
				CLANG_WARN_OBJC_IMPLICIT_RETAIN_SELF = YES;
				CLANG_WARN_OBJC_LITERAL_CONVERSION = YES;
				CLANG_WARN_OBJC_ROOT_CLASS = YES_ERROR;
				CLANG_WARN_QUOTED_INCLUDE_IN_FRAMEWORK_HEADER = YES;
				CLANG_WARN_RANGE_LOOP_ANALYSIS = YES;
				CLANG_WARN_STRICT_PROTOTYPES = YES;
				CLANG_WARN_SUSPICIOUS_MOVE = YES;
				CLANG_WARN_UNGUARDED_AVAILABILITY = YES_AGGRESSIVE;
				CLANG_WARN_UNREACHABLE_CODE = YES;
				CLANG_WARN__DUPLICATE_METHOD_MATCH = YES;
				COPY_PHASE_STRIP = NO;
				DEBUG_INFORMATION_FORMAT = dwarf;
				ENABLE_STRICT_OBJC_MSGSEND = YES;
				ENABLE_TESTABILITY = YES;
				GCC_C_LANGUAGE_STANDARD = gnu11;
				GCC_DYNAMIC_NO_PIC = NO;
				GCC_NO_COMMON_BLOCKS = YES;
				GCC_OPTIMIZATION_LEVEL = 0;
				GCC_PREPROCESSOR_DEFINITIONS = (
					"DEBUG=1",
					"$(inherited)",
				);
				GCC_WARN_64_TO_32_BIT_CONVERSION = YES;
				GCC_WARN_ABOUT_RETURN_TYPE = YES_ERROR;
				GCC_WARN_UNDECLARED_SELECTOR = YES;
				GCC_WARN_UNINITIALIZED_AUTOS = YES_AGGRESSIVE;
				GCC_WARN_UNUSED_FUNCTION = YES;
				GCC_WARN_UNUSED_VARIABLE = YES;
				MACOSX_DEPLOYMENT_TARGET = 11.3;
				MTL_ENABLE_DEBUG_INFO = INCLUDE_SOURCE;
				MTL_FAST_MATH = YES;
				ONLY_ACTIVE_ARCH = YES;
				SDKROOT = macosx;
			};
			name = Debug;
		};
		67AB67B92639C54E008EE3C6 /* Release */ = {
			isa = XCBuildConfiguration;
			buildSettings = {
				ALWAYS_SEARCH_USER_PATHS = NO;
				CLANG_ANALYZER_NONNULL = YES;
				CLANG_ANALYZER_NUMBER_OBJECT_CONVERSION = YES_AGGRESSIVE;
				CLANG_CXX_LANGUAGE_STANDARD = "gnu++14";
				CLANG_CXX_LIBRARY = "libc++";
				CLANG_ENABLE_MODULES = YES;
				CLANG_ENABLE_OBJC_ARC = YES;
				CLANG_ENABLE_OBJC_WEAK = YES;
				CLANG_WARN_BLOCK_CAPTURE_AUTORELEASING = YES;
				CLANG_WARN_BOOL_CONVERSION = YES;
				CLANG_WARN_COMMA = YES;
				CLANG_WARN_CONSTANT_CONVERSION = YES;
				CLANG_WARN_DEPRECATED_OBJC_IMPLEMENTATIONS = YES;
				CLANG_WARN_DIRECT_OBJC_ISA_USAGE = YES_ERROR;
				CLANG_WARN_DOCUMENTATION_COMMENTS = YES;
				CLANG_WARN_EMPTY_BODY = YES;
				CLANG_WARN_ENUM_CONVERSION = YES;
				CLANG_WARN_INFINITE_RECURSION = YES;
				CLANG_WARN_INT_CONVERSION = YES;
				CLANG_WARN_NON_LITERAL_NULL_CONVERSION = YES;
				CLANG_WARN_OBJC_IMPLICIT_RETAIN_SELF = YES;
				CLANG_WARN_OBJC_LITERAL_CONVERSION = YES;
				CLANG_WARN_OBJC_ROOT_CLASS = YES_ERROR;
				CLANG_WARN_QUOTED_INCLUDE_IN_FRAMEWORK_HEADER = YES;
				CLANG_WARN_RANGE_LOOP_ANALYSIS = YES;
				CLANG_WARN_STRICT_PROTOTYPES = YES;
				CLANG_WARN_SUSPICIOUS_MOVE = YES;
				CLANG_WARN_UNGUARDED_AVAILABILITY = YES_AGGRESSIVE;
				CLANG_WARN_UNREACHABLE_CODE = YES;
				CLANG_WARN__DUPLICATE_METHOD_MATCH = YES;
				COPY_PHASE_STRIP = NO;
				DEBUG_INFORMATION_FORMAT = "dwarf-with-dsym";
				ENABLE_NS_ASSERTIONS = NO;
				ENABLE_STRICT_OBJC_MSGSEND = YES;
				GCC_C_LANGUAGE_STANDARD = gnu11;
				GCC_NO_COMMON_BLOCKS = YES;
				GCC_WARN_64_TO_32_BIT_CONVERSION = YES;
				GCC_WARN_ABOUT_RETURN_TYPE = YES_ERROR;
				GCC_WARN_UNDECLARED_SELECTOR = YES;
				GCC_WARN_UNINITIALIZED_AUTOS = YES_AGGRESSIVE;
				GCC_WARN_UNUSED_FUNCTION = YES;
				GCC_WARN_UNUSED_VARIABLE = YES;
				MACOSX_DEPLOYMENT_TARGET = 11.3;
				MTL_ENABLE_DEBUG_INFO = NO;
				MTL_FAST_MATH = YES;
				SDKROOT = macosx;
			};
			name = Release;
		};
		67AB67BB2639C54E008EE3C6 /* Debug */ = {
			isa = XCBuildConfiguration;
			buildSettings = {
				CODE_SIGN_STYLE = Automatic;
				PRODUCT_NAME = "$(TARGET_NAME)";
			};
			name = Debug;
		};
		67AB67BC2639C54E008EE3C6 /* Release */ = {
			isa = XCBuildConfiguration;
			buildSettings = {
				CODE_SIGN_STYLE = Automatic;
				PRODUCT_NAME = "$(TARGET_NAME)";
			};
			name = Release;
		};
/* End XCBuildConfiguration section */

/* Begin XCConfigurationList section */
		67AB67AE2639C54E008EE3C6 /* Build configuration list for PBXProject "calculation" */ = {
			isa = XCConfigurationList;
			buildConfigurations = (
				67AB67B82639C54E008EE3C6 /* Debug */,
				67AB67B92639C54E008EE3C6 /* Release */,
			);
			defaultConfigurationIsVisible = 0;
			defaultConfigurationName = Release;
		};
		67AB67BA2639C54E008EE3C6 /* Build configuration list for PBXNativeTarget "calculation" */ = {
			isa = XCConfigurationList;
			buildConfigurations = (
				67AB67BB2639C54E008EE3C6 /* Debug */,
				67AB67BC2639C54E008EE3C6 /* Release */,
			);
			defaultConfigurationIsVisible = 0;
			defaultConfigurationName = Release;
		};
/* End XCConfigurationList section */
	};
	rootObject = 67AB67AB2639C54E008EE3C6 /* Project object */;
}
